
Microsoft Visual Studio Solution File, Format Version 12.00
# Visual Studio Version 16
VisualStudioVersion = 16.0.31911.196
MinimumVisualStudioVersion = 10.0.40219.1
Project("{9A19103F-16F7-4668-BE54-9A1E7A4F7556}") = "Vigenere_ASP", "Vigenere_ASP.csproj", "{B14DB33F-1666-423E-9C2D-23C06764AF8C}"
EndProject
Project("{FAE04EC0-301F-11D3-BF4B-00C04F79EFBC}") = "XUnit_Vigenere_ASP", "..\XUnit_Vigenere_ASP\XUnit_Vigenere_ASP.csproj", "{03E042FC-19C5-40FD-8B08-5A10FB22C472}"
EndProject
Global
	GlobalSection(SolutionConfigurationPlatforms) = preSolution
		Debug|Any CPU = Debug|Any CPU
		Release|Any CPU = Release|Any CPU
	EndGlobalSection
	GlobalSection(ProjectConfigurationPlatforms) = postSolution
		{B14DB33F-1666-423E-9C2D-23C06764AF8C}.Debug|Any CPU.ActiveCfg = Debug|Any CPU
		{B14DB33F-1666-423E-9C2D-23C06764AF8C}.Debug|Any CPU.Build.0 = Debug|Any CPU
		{B14DB33F-1666-423E-9C2D-23C06764AF8C}.Release|Any CPU.ActiveCfg = Release|Any CPU
		{B14DB33F-1666-423E-9C2D-23C06764AF8C}.Release|Any CPU.Build.0 = Release|Any CPU
		{03E042FC-19C5-40FD-8B08-5A10FB22C472}.Debug|Any CPU.ActiveCfg = Debug|Any CPU
		{03E042FC-19C5-40FD-8B08-5A10FB22C472}.Debug|Any CPU.Build.0 = Debug|Any CPU
		{03E042FC-19C5-40FD-8B08-5A10FB22C472}.Release|Any CPU.ActiveCfg = Release|Any CPU
		{03E042FC-19C5-40FD-8B08-5A10FB22C472}.Release|Any CPU.Build.0 = Release|Any CPU
	EndGlobalSection
	GlobalSection(SolutionProperties) = preSolution
		HideSolutionNode = FALSE
	EndGlobalSection
	GlobalSection(ExtensibilityGlobals) = postSolution
		SolutionGuid = {41FDC1E5-8AB8-42C1-9A6A-3006A58DE5DB}
	EndGlobalSection
EndGlobal
